
Microsoft Visual Studio Solution File, Format Version 12.00
# Visual Studio Version 16
VisualStudioVersion = 16.0.32002.261
MinimumVisualStudioVersion = 10.0.40219.1
Project("{FAE04EC0-301F-11D3-BF4B-00C04F79EFBC}") = "Lesson2Part1", "Lesson2\Lesson2Part1.csproj", "{308099E4-AFC8-45A2-A947-F71C49B478D6}"
EndProject
Project("{2150E333-8FDC-42A3-9474-1A3956D46DE8}") = "Lesson2", "Lesson2", "{3A398228-11EA-4A03-8F03-C188F44757B0}"
EndProject
Project("{FAE04EC0-301F-11D3-BF4B-00C04F79EFBC}") = "Lesson2Part2", "Lesson2Part2\Lesson2Part2.csproj", "{D7DC2AB6-BEA9-4086-8226-2FF0E0616F26}"
EndProject
Project("{FAE04EC0-301F-11D3-BF4B-00C04F79EFBC}") = "Lesson2Part3", "Lesson2Part3\Lesson2Part3.csproj", "{96FDEEC9-FC05-4F81-B31A-D8FA71D8378B}"
EndProject
Project("{FAE04EC0-301F-11D3-BF4B-00C04F79EFBC}") = "Lesson2Part4", "Lesson2Part4\Lesson2Part4.csproj", "{CF9B1B02-5F3C-46D2-850B-B7579B1D68AB}"
EndProject
Project("{FAE04EC0-301F-11D3-BF4B-00C04F79EFBC}") = "Lesson2Part5", "Lesson2Part5\Lesson2Part5.csproj", "{2FC86D80-4DBC-4390-BB61-B83990F36F1D}"
EndProject
Project("{2150E333-8FDC-42A3-9474-1A3956D46DE8}") = "TeachMeSkills", "TeachMeSkills", "{5C0C5A7A-B0F1-460A-A614-C0072F8220CA}"
EndProject
Global
	GlobalSection(SolutionConfigurationPlatforms) = preSolution
		Debug|Any CPU = Debug|Any CPU
		Release|Any CPU = Release|Any CPU
	EndGlobalSection
	GlobalSection(ProjectConfigurationPlatforms) = postSolution
		{308099E4-AFC8-45A2-A947-F71C49B478D6}.Debug|Any CPU.ActiveCfg = Debug|Any CPU
		{308099E4-AFC8-45A2-A947-F71C49B478D6}.Debug|Any CPU.Build.0 = Debug|Any CPU
		{308099E4-AFC8-45A2-A947-F71C49B478D6}.Release|Any CPU.ActiveCfg = Release|Any CPU
		{308099E4-AFC8-45A2-A947-F71C49B478D6}.Release|Any CPU.Build.0 = Release|Any CPU
		{D7DC2AB6-BEA9-4086-8226-2FF0E0616F26}.Debug|Any CPU.ActiveCfg = Debug|Any CPU
		{D7DC2AB6-BEA9-4086-8226-2FF0E0616F26}.Debug|Any CPU.Build.0 = Debug|Any CPU
		{D7DC2AB6-BEA9-4086-8226-2FF0E0616F26}.Release|Any CPU.ActiveCfg = Release|Any CPU
		{D7DC2AB6-BEA9-4086-8226-2FF0E0616F26}.Release|Any CPU.Build.0 = Release|Any CPU
		{96FDEEC9-FC05-4F81-B31A-D8FA71D8378B}.Debug|Any CPU.ActiveCfg = Debug|Any CPU
		{96FDEEC9-FC05-4F81-B31A-D8FA71D8378B}.Debug|Any CPU.Build.0 = Debug|Any CPU
		{96FDEEC9-FC05-4F81-B31A-D8FA71D8378B}.Release|Any CPU.ActiveCfg = Release|Any CPU
		{96FDEEC9-FC05-4F81-B31A-D8FA71D8378B}.Release|Any CPU.Build.0 = Release|Any CPU
		{CF9B1B02-5F3C-46D2-850B-B7579B1D68AB}.Debug|Any CPU.ActiveCfg = Debug|Any CPU
		{CF9B1B02-5F3C-46D2-850B-B7579B1D68AB}.Debug|Any CPU.Build.0 = Debug|Any CPU
		{CF9B1B02-5F3C-46D2-850B-B7579B1D68AB}.Release|Any CPU.ActiveCfg = Release|Any CPU
		{CF9B1B02-5F3C-46D2-850B-B7579B1D68AB}.Release|Any CPU.Build.0 = Release|Any CPU
		{2FC86D80-4DBC-4390-BB61-B83990F36F1D}.Debug|Any CPU.ActiveCfg = Debug|Any CPU
		{2FC86D80-4DBC-4390-BB61-B83990F36F1D}.Debug|Any CPU.Build.0 = Debug|Any CPU
		{2FC86D80-4DBC-4390-BB61-B83990F36F1D}.Release|Any CPU.ActiveCfg = Release|Any CPU
		{2FC86D80-4DBC-4390-BB61-B83990F36F1D}.Release|Any CPU.Build.0 = Release|Any CPU
	EndGlobalSection
	GlobalSection(SolutionProperties) = preSolution
		HideSolutionNode = FALSE
	EndGlobalSection
	GlobalSection(NestedProjects) = preSolution
		{308099E4-AFC8-45A2-A947-F71C49B478D6} = {3A398228-11EA-4A03-8F03-C188F44757B0}
		{3A398228-11EA-4A03-8F03-C188F44757B0} = {5C0C5A7A-B0F1-460A-A614-C0072F8220CA}
		{D7DC2AB6-BEA9-4086-8226-2FF0E0616F26} = {3A398228-11EA-4A03-8F03-C188F44757B0}
		{96FDEEC9-FC05-4F81-B31A-D8FA71D8378B} = {3A398228-11EA-4A03-8F03-C188F44757B0}
		{CF9B1B02-5F3C-46D2-850B-B7579B1D68AB} = {3A398228-11EA-4A03-8F03-C188F44757B0}
		{2FC86D80-4DBC-4390-BB61-B83990F36F1D} = {3A398228-11EA-4A03-8F03-C188F44757B0}
	EndGlobalSection
	GlobalSection(ExtensibilityGlobals) = postSolution
		SolutionGuid = {589E4960-3A05-4DA1-A152-E7EAE0E9FCE8}
	EndGlobalSection
EndGlobal
